// !$*UTF8*$!
{
	archiveVersion = 1;
	classes = {
	};
	objectVersion = 50;
	objects = {

/* Begin PBXBuildFile section */
		CB203D7D258F5B5600DF1BBD /* KittinderApp.swift in Sources */ = {isa = PBXBuildFile; fileRef = CB203D7C258F5B5600DF1BBD /* KittinderApp.swift */; };
		CB203D7F258F5B5600DF1BBD /* ContentView.swift in Sources */ = {isa = PBXBuildFile; fileRef = CB203D7E258F5B5600DF1BBD /* ContentView.swift */; };
		CB203D81258F5B5900DF1BBD /* Assets.xcassets in Resources */ = {isa = PBXBuildFile; fileRef = CB203D80258F5B5900DF1BBD /* Assets.xcassets */; };
		CB203D84258F5B5900DF1BBD /* Preview Assets.xcassets in Resources */ = {isa = PBXBuildFile; fileRef = CB203D83258F5B5900DF1BBD /* Preview Assets.xcassets */; };
		CB203D91258F5C4200DF1BBD /* CardView.swift in Sources */ = {isa = PBXBuildFile; fileRef = CB203D90258F5C4200DF1BBD /* CardView.swift */; };
/* End PBXBuildFile section */

/* Begin PBXFileReference section */
		CB203D79258F5B5600DF1BBD /* Kittinder.app */ = {isa = PBXFileReference; explicitFileType = wrapper.application; includeInIndex = 0; path = Kittinder.app; sourceTree = BUILT_PRODUCTS_DIR; };
		CB203D7C258F5B5600DF1BBD /* KittinderApp.swift */ = {isa = PBXFileReference; lastKnownFileType = sourcecode.swift; path = KittinderApp.swift; sourceTree = "<group>"; };
		CB203D7E258F5B5600DF1BBD /* ContentView.swift */ = {isa = PBXFileReference; lastKnownFileType = sourcecode.swift; path = ContentView.swift; sourceTree = "<group>"; };
		CB203D80258F5B5900DF1BBD /* Assets.xcassets */ = {isa = PBXFileReference; lastKnownFileType = folder.assetcatalog; path = Assets.xcassets; sourceTree = "<group>"; };
		CB203D83258F5B5900DF1BBD /* Preview Assets.xcassets */ = {isa = PBXFileReference; lastKnownFileType = folder.assetcatalog; path = "Preview Assets.xcassets"; sourceTree = "<group>"; };
		CB203D85258F5B5900DF1BBD /* Info.plist */ = {isa = PBXFileReference; lastKnownFileType = text.plist.xml; path = Info.plist; sourceTree = "<group>"; };
		CB203D90258F5C4200DF1BBD /* CardView.swift */ = {isa = PBXFileReference; lastKnownFileType = sourcecode.swift; path = CardView.swift; sourceTree = "<group>"; };
/* End PBXFileReference section */

/* Begin PBXFrameworksBuildPhase section */
		CB203D76258F5B5600DF1BBD /* Frameworks */ = {
			isa = PBXFrameworksBuildPhase;
			buildActionMask = 2147483647;
			files = (
			);
			runOnlyForDeploymentPostprocessing = 0;
		};
/* End PBXFrameworksBuildPhase section */

/* Begin PBXGroup section */
		CB203D70258F5B5600DF1BBD = {
			isa = PBXGroup;
			children = (
				CB203D7B258F5B5600DF1BBD /* Kittinder */,
				CB203D7A258F5B5600DF1BBD /* Products */,
			);
			sourceTree = "<group>";
		};
		CB203D7A258F5B5600DF1BBD /* Products */ = {
			isa = PBXGroup;
			children = (
				CB203D79258F5B5600DF1BBD /* Kittinder.app */,
			);
			name = Products;
			sourceTree = "<group>";
		};
		CB203D7B258F5B5600DF1BBD /* Kittinder */ = {
			isa = PBXGroup;
			children = (
				CB203D7C258F5B5600DF1BBD /* KittinderApp.swift */,
				CB203D7E258F5B5600DF1BBD /* ContentView.swift */,
				CB203D80258F5B5900DF1BBD /* Assets.xcassets */,
				CB203D85258F5B5900DF1BBD /* Info.plist */,
				CB203D82258F5B5900DF1BBD /* Preview Content */,
				CB203D90258F5C4200DF1BBD /* CardView.swift */,
			);
			path = Kittinder;
			sourceTree = "<group>";
		};
		CB203D82258F5B5900DF1BBD /* Preview Content */ = {
			isa = PBXGroup;
			children = (
				CB203D83258F5B5900DF1BBD /* Preview Assets.xcassets */,
			);
			path = "Preview Content";
			sourceTree = "<group>";
		};
/* End PBXGroup section */

/* Begin PBXNativeTarget section */
		CB203D78258F5B5600DF1BBD /* Kittinder */ = {
			isa = PBXNativeTarget;
			buildConfigurationList = CB203D88258F5B5900DF1BBD /* Build configuration list for PBXNativeTarget "Kittinder" */;
			buildPhases = (
				CB203D75258F5B5600DF1BBD /* Sources */,
				CB203D76258F5B5600DF1BBD /* Frameworks */,
				CB203D77258F5B5600DF1BBD /* Resources */,
			);
			buildRules = (
			);
			dependencies = (
			);
			name = Kittinder;
			productName = Kittinder;
			productReference = CB203D79258F5B5600DF1BBD /* Kittinder.app */;
			productType = "com.apple.product-type.application";
		};
/* End PBXNativeTarget section */

/* Begin PBXProject section */
		CB203D71258F5B5600DF1BBD /* Project object */ = {
			isa = PBXProject;
			attributes = {
				LastSwiftUpdateCheck = 1230;
				LastUpgradeCheck = 1230;
				TargetAttributes = {
					CB203D78258F5B5600DF1BBD = {
						CreatedOnToolsVersion = 12.3;
					};
				};
			};
			buildConfigurationList = CB203D74258F5B5600DF1BBD /* Build configuration list for PBXProject "Kittinder" */;
			compatibilityVersion = "Xcode 9.3";
			developmentRegion = en;
			hasScannedForEncodings = 0;
			knownRegions = (
				en,
				Base,
			);
			mainGroup = CB203D70258F5B5600DF1BBD;
			productRefGroup = CB203D7A258F5B5600DF1BBD /* Products */;
			projectDirPath = "";
			projectRoot = "";
			targets = (
				CB203D78258F5B5600DF1BBD /* Kittinder */,
			);
		};
/* End PBXProject section */

/* Begin PBXResourcesBuildPhase section */
		CB203D77258F5B5600DF1BBD /* Resources */ = {
			isa = PBXResourcesBuildPhase;
			buildActionMask = 2147483647;
			files = (
				CB203D84258F5B5900DF1BBD /* Preview Assets.xcassets in Resources */,
				CB203D81258F5B5900DF1BBD /* Assets.xcassets in Resources */,
			);
			runOnlyForDeploymentPostprocessing = 0;
		};
/* End PBXResourcesBuildPhase section */

/* Begin PBXSourcesBuildPhase section */
		CB203D75258F5B5600DF1BBD /* Sources */ = {
			isa = PBXSourcesBuildPhase;
			buildActionMask = 2147483647;
			files = (
				CB203D7F258F5B5600DF1BBD /* ContentView.swift in Sources */,
				CB203D91258F5C4200DF1BBD /* CardView.swift in Sources */,
				CB203D7D258F5B5600DF1BBD /* KittinderApp.swift in Sources */,
			);
			runOnlyForDeploymentPostprocessing = 0;
		};
/* End PBXSourcesBuildPhase section */

/* Begin XCBuildConfiguration section */
		CB203D86258F5B5900DF1BBD /* Debug */ = {
			isa = XCBuildConfiguration;
			buildSettings = {
				ALWAYS_SEARCH_USER_PATHS = NO;
				CLANG_ANALYZER_NONNULL = YES;
				CLANG_ANALYZER_NUMBER_OBJECT_CONVERSION = YES_AGGRESSIVE;
				CLANG_CXX_LANGUAGE_STANDARD = "gnu++14";
				CLANG_CXX_LIBRARY = "libc++";
				CLANG_ENABLE_MODULES = YES;
				CLANG_ENABLE_OBJC_ARC = YES;
				CLANG_ENABLE_OBJC_WEAK = YES;
				CLANG_WARN_BLOCK_CAPTURE_AUTORELEASING = YES;
				CLANG_WARN_BOOL_CONVERSION = YES;
				CLANG_WARN_COMMA = YES;
				CLANG_WARN_CONSTANT_CONVERSION = YES;
				CLANG_WARN_DEPRECATED_OBJC_IMPLEMENTATIONS = YES;
				CLANG_WARN_DIRECT_OBJC_ISA_USAGE = YES_ERROR;
				CLANG_WARN_DOCUMENTATION_COMMENTS = YES;
				CLANG_WARN_EMPTY_BODY = YES;
				CLANG_WARN_ENUM_CONVERSION = YES;
				CLANG_WARN_INFINITE_RECURSION = YES;
				CLANG_WARN_INT_CONVERSION = YES;
				CLANG_WARN_NON_LITERAL_NULL_CONVERSION = YES;
				CLANG_WARN_OBJC_IMPLICIT_RETAIN_SELF = YES;
				CLANG_WARN_OBJC_LITERAL_CONVERSION = YES;
				CLANG_WARN_OBJC_ROOT_CLASS = YES_ERROR;
				CLANG_WARN_QUOTED_INCLUDE_IN_FRAMEWORK_HEADER = YES;
				CLANG_WARN_RANGE_LOOP_ANALYSIS = YES;
				CLANG_WARN_STRICT_PROTOTYPES = YES;
				CLANG_WARN_SUSPICIOUS_MOVE = YES;
				CLANG_WARN_UNGUARDED_AVAILABILITY = YES_AGGRESSIVE;
				CLANG_WARN_UNREACHABLE_CODE = YES;
				CLANG_WARN__DUPLICATE_METHOD_MATCH = YES;
				COPY_PHASE_STRIP = NO;
				DEBUG_INFORMATION_FORMAT = dwarf;
				ENABLE_STRICT_OBJC_MSGSEND = YES;
				ENABLE_TESTABILITY = YES;
				GCC_C_LANGUAGE_STANDARD = gnu11;
				GCC_DYNAMIC_NO_PIC = NO;
				GCC_NO_COMMON_BLOCKS = YES;
				GCC_OPTIMIZATION_LEVEL = 0;
				GCC_PREPROCESSOR_DEFINITIONS = (
					"DEBUG=1",
					"$(inherited)",
				);
				GCC_WARN_64_TO_32_BIT_CONVERSION = YES;
				GCC_WARN_ABOUT_RETURN_TYPE = YES_ERROR;
				GCC_WARN_UNDECLARED_SELECTOR = YES;
				GCC_WARN_UNINITIALIZED_AUTOS = YES_AGGRESSIVE;
				GCC_WARN_UNUSED_FUNCTION = YES;
				GCC_WARN_UNUSED_VARIABLE = YES;
				IPHONEOS_DEPLOYMENT_TARGET = 14.3;
				MTL_ENABLE_DEBUG_INFO = INCLUDE_SOURCE;
				MTL_FAST_MATH = YES;
				ONLY_ACTIVE_ARCH = YES;
				SDKROOT = iphoneos;
				SWIFT_ACTIVE_COMPILATION_CONDITIONS = DEBUG;
				SWIFT_OPTIMIZATION_LEVEL = "-Onone";
			};
			name = Debug;
		};
		CB203D87258F5B5900DF1BBD /* Release */ = {
			isa = XCBuildConfiguration;
			buildSettings = {
				ALWAYS_SEARCH_USER_PATHS = NO;
				CLANG_ANALYZER_NONNULL = YES;
				CLANG_ANALYZER_NUMBER_OBJECT_CONVERSION = YES_AGGRESSIVE;
				CLANG_CXX_LANGUAGE_STANDARD = "gnu++14";
				CLANG_CXX_LIBRARY = "libc++";
				CLANG_ENABLE_MODULES = YES;
				CLANG_ENABLE_OBJC_ARC = YES;
				CLANG_ENABLE_OBJC_WEAK = YES;
				CLANG_WARN_BLOCK_CAPTURE_AUTORELEASING = YES;
				CLANG_WARN_BOOL_CONVERSION = YES;
				CLANG_WARN_COMMA = YES;
				CLANG_WARN_CONSTANT_CONVERSION = YES;
				CLANG_WARN_DEPRECATED_OBJC_IMPLEMENTATIONS = YES;
				CLANG_WARN_DIRECT_OBJC_ISA_USAGE = YES_ERROR;
				CLANG_WARN_DOCUMENTATION_COMMENTS = YES;
				CLANG_WARN_EMPTY_BODY = YES;
				CLANG_WARN_ENUM_CONVERSION = YES;
				CLANG_WARN_INFINITE_RECURSION = YES;
				CLANG_WARN_INT_CONVERSION = YES;
				CLANG_WARN_NON_LITERAL_NULL_CONVERSION = YES;
				CLANG_WARN_OBJC_IMPLICIT_RETAIN_SELF = YES;
				CLANG_WARN_OBJC_LITERAL_CONVERSION = YES;
				CLANG_WARN_OBJC_ROOT_CLASS = YES_ERROR;
				CLANG_WARN_QUOTED_INCLUDE_IN_FRAMEWORK_HEADER = YES;
				CLANG_WARN_RANGE_LOOP_ANALYSIS = YES;
				CLANG_WARN_STRICT_PROTOTYPES = YES;
				CLANG_WARN_SUSPICIOUS_MOVE = YES;
				CLANG_WARN_UNGUARDED_AVAILABILITY = YES_AGGRESSIVE;
				CLANG_WARN_UNREACHABLE_CODE = YES;
				CLANG_WARN__DUPLICATE_METHOD_MATCH = YES;
				COPY_PHASE_STRIP = NO;
				DEBUG_INFORMATION_FORMAT = "dwarf-with-dsym";
				ENABLE_NS_ASSERTIONS = NO;
				ENABLE_STRICT_OBJC_MSGSEND = YES;
				GCC_C_LANGUAGE_STANDARD = gnu11;
				GCC_NO_COMMON_BLOCKS = YES;
				GCC_WARN_64_TO_32_BIT_CONVERSION = YES;
				GCC_WARN_ABOUT_RETURN_TYPE = YES_ERROR;
				GCC_WARN_UNDECLARED_SELECTOR = YES;
				GCC_WARN_UNINITIALIZED_AUTOS = YES_AGGRESSIVE;
				GCC_WARN_UNUSED_FUNCTION = YES;
				GCC_WARN_UNUSED_VARIABLE = YES;
				IPHONEOS_DEPLOYMENT_TARGET = 14.3;
				MTL_ENABLE_DEBUG_INFO = NO;
				MTL_FAST_MATH = YES;
				SDKROOT = iphoneos;
				SWIFT_COMPILATION_MODE = wholemodule;
				SWIFT_OPTIMIZATION_LEVEL = "-O";
				VALIDATE_PRODUCT = YES;
			};
			name = Release;
		};
		CB203D89258F5B5900DF1BBD /* Debug */ = {
			isa = XCBuildConfiguration;
			buildSettings = {
				ASSETCATALOG_COMPILER_APPICON_NAME = AppIcon;
				ASSETCATALOG_COMPILER_GLOBAL_ACCENT_COLOR_NAME = AccentColor;
				CODE_SIGN_STYLE = Automatic;
				DEVELOPMENT_ASSET_PATHS = "\"Kittinder/Preview Content\"";
				DEVELOPMENT_TEAM = 5667E7L429;
				ENABLE_PREVIEWS = YES;
				INFOPLIST_FILE = Kittinder/Info.plist;
				IPHONEOS_DEPLOYMENT_TARGET = 14.0;
				LD_RUNPATH_SEARCH_PATHS = (
					"$(inherited)",
					"@executable_path/Frameworks",
				);
				PRODUCT_BUNDLE_IDENTIFIER = pl.lgryl.Kittinder;
				PRODUCT_NAME = "$(TARGET_NAME)";
				SWIFT_VERSION = 5.0;
				TARGETED_DEVICE_FAMILY = "1,2";
			};
			name = Debug;
		};
		CB203D8A258F5B5900DF1BBD /* Release */ = {
			isa = XCBuildConfiguration;
			buildSettings = {
				ASSETCATALOG_COMPILER_APPICON_NAME = AppIcon;
				ASSETCATALOG_COMPILER_GLOBAL_ACCENT_COLOR_NAME = AccentColor;
				CODE_SIGN_STYLE = Automatic;
				DEVELOPMENT_ASSET_PATHS = "\"Kittinder/Preview Content\"";
				DEVELOPMENT_TEAM = 5667E7L429;
				ENABLE_PREVIEWS = YES;
				INFOPLIST_FILE = Kittinder/Info.plist;
				IPHONEOS_DEPLOYMENT_TARGET = 14.0;
				LD_RUNPATH_SEARCH_PATHS = (
					"$(inherited)",
					"@executable_path/Frameworks",
				);
				PRODUCT_BUNDLE_IDENTIFIER = pl.lgryl.Kittinder;
				PRODUCT_NAME = "$(TARGET_NAME)";
				SWIFT_VERSION = 5.0;
				TARGETED_DEVICE_FAMILY = "1,2";
			};
			name = Release;
		};
/* End XCBuildConfiguration section */

/* Begin XCConfigurationList section */
		CB203D74258F5B5600DF1BBD /* Build configuration list for PBXProject "Kittinder" */ = {
			isa = XCConfigurationList;
			buildConfigurations = (
				CB203D86258F5B5900DF1BBD /* Debug */,
				CB203D87258F5B5900DF1BBD /* Release */,
			);
			defaultConfigurationIsVisible = 0;
			defaultConfigurationName = Release;
		};
		CB203D88258F5B5900DF1BBD /* Build configuration list for PBXNativeTarget "Kittinder" */ = {
			isa = XCConfigurationList;
			buildConfigurations = (
				CB203D89258F5B5900DF1BBD /* Debug */,
				CB203D8A258F5B5900DF1BBD /* Release */,
			);
			defaultConfigurationIsVisible = 0;
			defaultConfigurationName = Release;
		};
/* End XCConfigurationList section */
	};
	rootObject = CB203D71258F5B5600DF1BBD /* Project object */;
}
